// !$*UTF8*$!
{
	archiveVersion = 1;
	classes = {
	};
	objectVersion = 50;
	objects = {

/* Begin PBXBuildFile section */
		E43C475F26855D2E004C12CA /* AppDelegate.swift in Sources */ = {isa = PBXBuildFile; fileRef = E43C475E26855D2E004C12CA /* AppDelegate.swift */; };
		E43C476126855D2E004C12CA /* SceneDelegate.swift in Sources */ = {isa = PBXBuildFile; fileRef = E43C476026855D2E004C12CA /* SceneDelegate.swift */; };
		E43C476326855D2E004C12CA /* HomePage.swift in Sources */ = {isa = PBXBuildFile; fileRef = E43C476226855D2E004C12CA /* HomePage.swift */; };
		E43C476826855D30004C12CA /* Assets.xcassets in Resources */ = {isa = PBXBuildFile; fileRef = E43C476726855D30004C12CA /* Assets.xcassets */; };
		E43C476B26855D30004C12CA /* LaunchScreen.storyboard in Resources */ = {isa = PBXBuildFile; fileRef = E43C476926855D30004C12CA /* LaunchScreen.storyboard */; };
		E43C477626855D30004C12CA /* CarfaxTests.swift in Sources */ = {isa = PBXBuildFile; fileRef = E43C477526855D30004C12CA /* CarfaxTests.swift */; };
		E43C478126855D30004C12CA /* CarfaxUITests.swift in Sources */ = {isa = PBXBuildFile; fileRef = E43C478026855D30004C12CA /* CarfaxUITests.swift */; };
		E43C478F26856185004C12CA /* HomePage.xib in Resources */ = {isa = PBXBuildFile; fileRef = E43C478E26856185004C12CA /* HomePage.xib */; };
/* End PBXBuildFile section */

/* Begin PBXContainerItemProxy section */
		E43C477226855D30004C12CA /* PBXContainerItemProxy */ = {
			isa = PBXContainerItemProxy;
			containerPortal = E43C475326855D2E004C12CA /* Project object */;
			proxyType = 1;
			remoteGlobalIDString = E43C475A26855D2E004C12CA;
			remoteInfo = Carfax;
		};
		E43C477D26855D30004C12CA /* PBXContainerItemProxy */ = {
			isa = PBXContainerItemProxy;
			containerPortal = E43C475326855D2E004C12CA /* Project object */;
			proxyType = 1;
			remoteGlobalIDString = E43C475A26855D2E004C12CA;
			remoteInfo = Carfax;
		};
/* End PBXContainerItemProxy section */

/* Begin PBXFileReference section */
		E43C475B26855D2E004C12CA /* Carfax.app */ = {isa = PBXFileReference; explicitFileType = wrapper.application; includeInIndex = 0; path = Carfax.app; sourceTree = BUILT_PRODUCTS_DIR; };
		E43C475E26855D2E004C12CA /* AppDelegate.swift */ = {isa = PBXFileReference; lastKnownFileType = sourcecode.swift; path = AppDelegate.swift; sourceTree = "<group>"; };
		E43C476026855D2E004C12CA /* SceneDelegate.swift */ = {isa = PBXFileReference; lastKnownFileType = sourcecode.swift; path = SceneDelegate.swift; sourceTree = "<group>"; };
		E43C476226855D2E004C12CA /* HomePage.swift */ = {isa = PBXFileReference; lastKnownFileType = sourcecode.swift; path = HomePage.swift; sourceTree = "<group>"; };
		E43C476726855D30004C12CA /* Assets.xcassets */ = {isa = PBXFileReference; lastKnownFileType = folder.assetcatalog; path = Assets.xcassets; sourceTree = "<group>"; };
		E43C476A26855D30004C12CA /* Base */ = {isa = PBXFileReference; lastKnownFileType = file.storyboard; name = Base; path = Base.lproj/LaunchScreen.storyboard; sourceTree = "<group>"; };
		E43C476C26855D30004C12CA /* Info.plist */ = {isa = PBXFileReference; lastKnownFileType = text.plist.xml; path = Info.plist; sourceTree = "<group>"; };
		E43C477126855D30004C12CA /* CarfaxTests.xctest */ = {isa = PBXFileReference; explicitFileType = wrapper.cfbundle; includeInIndex = 0; path = CarfaxTests.xctest; sourceTree = BUILT_PRODUCTS_DIR; };
		E43C477526855D30004C12CA /* CarfaxTests.swift */ = {isa = PBXFileReference; lastKnownFileType = sourcecode.swift; path = CarfaxTests.swift; sourceTree = "<group>"; };
		E43C477726855D30004C12CA /* Info.plist */ = {isa = PBXFileReference; lastKnownFileType = text.plist.xml; path = Info.plist; sourceTree = "<group>"; };
		E43C477C26855D30004C12CA /* CarfaxUITests.xctest */ = {isa = PBXFileReference; explicitFileType = wrapper.cfbundle; includeInIndex = 0; path = CarfaxUITests.xctest; sourceTree = BUILT_PRODUCTS_DIR; };
		E43C478026855D30004C12CA /* CarfaxUITests.swift */ = {isa = PBXFileReference; lastKnownFileType = sourcecode.swift; path = CarfaxUITests.swift; sourceTree = "<group>"; };
		E43C478226855D30004C12CA /* Info.plist */ = {isa = PBXFileReference; lastKnownFileType = text.plist.xml; path = Info.plist; sourceTree = "<group>"; };
		E43C478E26856185004C12CA /* HomePage.xib */ = {isa = PBXFileReference; lastKnownFileType = file.xib; path = HomePage.xib; sourceTree = "<group>"; };
/* End PBXFileReference section */

/* Begin PBXFrameworksBuildPhase section */
		E43C475826855D2E004C12CA /* Frameworks */ = {
			isa = PBXFrameworksBuildPhase;
			buildActionMask = 2147483647;
			files = (
			);
			runOnlyForDeploymentPostprocessing = 0;
		};
		E43C476E26855D30004C12CA /* Frameworks */ = {
			isa = PBXFrameworksBuildPhase;
			buildActionMask = 2147483647;
			files = (
			);
			runOnlyForDeploymentPostprocessing = 0;
		};
		E43C477926855D30004C12CA /* Frameworks */ = {
			isa = PBXFrameworksBuildPhase;
			buildActionMask = 2147483647;
			files = (
			);
			runOnlyForDeploymentPostprocessing = 0;
		};
/* End PBXFrameworksBuildPhase section */

/* Begin PBXGroup section */
		E43C475226855D2E004C12CA = {
			isa = PBXGroup;
			children = (
				E43C475D26855D2E004C12CA /* Carfax */,
				E43C477426855D30004C12CA /* CarfaxTests */,
				E43C477F26855D30004C12CA /* CarfaxUITests */,
				E43C475C26855D2E004C12CA /* Products */,
			);
			sourceTree = "<group>";
		};
		E43C475C26855D2E004C12CA /* Products */ = {
			isa = PBXGroup;
			children = (
				E43C475B26855D2E004C12CA /* Carfax.app */,
				E43C477126855D30004C12CA /* CarfaxTests.xctest */,
				E43C477C26855D30004C12CA /* CarfaxUITests.xctest */,
			);
			name = Products;
			sourceTree = "<group>";
		};
		E43C475D26855D2E004C12CA /* Carfax */ = {
			isa = PBXGroup;
			children = (
				E43C475E26855D2E004C12CA /* AppDelegate.swift */,
				E43C476026855D2E004C12CA /* SceneDelegate.swift */,
				E43C476226855D2E004C12CA /* HomePage.swift */,
				E43C478E26856185004C12CA /* HomePage.xib */,
				E43C476726855D30004C12CA /* Assets.xcassets */,
				E43C476926855D30004C12CA /* LaunchScreen.storyboard */,
				E43C476C26855D30004C12CA /* Info.plist */,
			);
			path = Carfax;
			sourceTree = "<group>";
		};
		E43C477426855D30004C12CA /* CarfaxTests */ = {
			isa = PBXGroup;
			children = (
				E43C477526855D30004C12CA /* CarfaxTests.swift */,
				E43C477726855D30004C12CA /* Info.plist */,
			);
			path = CarfaxTests;
			sourceTree = "<group>";
		};
		E43C477F26855D30004C12CA /* CarfaxUITests */ = {
			isa = PBXGroup;
			children = (
				E43C478026855D30004C12CA /* CarfaxUITests.swift */,
				E43C478226855D30004C12CA /* Info.plist */,
			);
			path = CarfaxUITests;
			sourceTree = "<group>";
		};
/* End PBXGroup section */

/* Begin PBXNativeTarget section */
		E43C475A26855D2E004C12CA /* Carfax */ = {
			isa = PBXNativeTarget;
			buildConfigurationList = E43C478526855D30004C12CA /* Build configuration list for PBXNativeTarget "Carfax" */;
			buildPhases = (
				E43C475726855D2E004C12CA /* Sources */,
				E43C475826855D2E004C12CA /* Frameworks */,
				E43C475926855D2E004C12CA /* Resources */,
			);
			buildRules = (
			);
			dependencies = (
			);
			name = Carfax;
			productName = Carfax;
			productReference = E43C475B26855D2E004C12CA /* Carfax.app */;
			productType = "com.apple.product-type.application";
		};
		E43C477026855D30004C12CA /* CarfaxTests */ = {
			isa = PBXNativeTarget;
			buildConfigurationList = E43C478826855D30004C12CA /* Build configuration list for PBXNativeTarget "CarfaxTests" */;
			buildPhases = (
				E43C476D26855D30004C12CA /* Sources */,
				E43C476E26855D30004C12CA /* Frameworks */,
				E43C476F26855D30004C12CA /* Resources */,
			);
			buildRules = (
			);
			dependencies = (
				E43C477326855D30004C12CA /* PBXTargetDependency */,
			);
			name = CarfaxTests;
			productName = CarfaxTests;
			productReference = E43C477126855D30004C12CA /* CarfaxTests.xctest */;
			productType = "com.apple.product-type.bundle.unit-test";
		};
		E43C477B26855D30004C12CA /* CarfaxUITests */ = {
			isa = PBXNativeTarget;
			buildConfigurationList = E43C478B26855D30004C12CA /* Build configuration list for PBXNativeTarget "CarfaxUITests" */;
			buildPhases = (
				E43C477826855D30004C12CA /* Sources */,
				E43C477926855D30004C12CA /* Frameworks */,
				E43C477A26855D30004C12CA /* Resources */,
			);
			buildRules = (
			);
			dependencies = (
				E43C477E26855D30004C12CA /* PBXTargetDependency */,
			);
			name = CarfaxUITests;
			productName = CarfaxUITests;
			productReference = E43C477C26855D30004C12CA /* CarfaxUITests.xctest */;
			productType = "com.apple.product-type.bundle.ui-testing";
		};
/* End PBXNativeTarget section */

/* Begin PBXProject section */
		E43C475326855D2E004C12CA /* Project object */ = {
			isa = PBXProject;
			attributes = {
				LastSwiftUpdateCheck = 1250;
				LastUpgradeCheck = 1250;
				TargetAttributes = {
					E43C475A26855D2E004C12CA = {
						CreatedOnToolsVersion = 12.5;
					};
					E43C477026855D30004C12CA = {
						CreatedOnToolsVersion = 12.5;
						TestTargetID = E43C475A26855D2E004C12CA;
					};
					E43C477B26855D30004C12CA = {
						CreatedOnToolsVersion = 12.5;
						TestTargetID = E43C475A26855D2E004C12CA;
					};
				};
			};
			buildConfigurationList = E43C475626855D2E004C12CA /* Build configuration list for PBXProject "Carfax" */;
			compatibilityVersion = "Xcode 9.3";
			developmentRegion = en;
			hasScannedForEncodings = 0;
			knownRegions = (
				en,
				Base,
			);
			mainGroup = E43C475226855D2E004C12CA;
			productRefGroup = E43C475C26855D2E004C12CA /* Products */;
			projectDirPath = "";
			projectRoot = "";
			targets = (
				E43C475A26855D2E004C12CA /* Carfax */,
				E43C477026855D30004C12CA /* CarfaxTests */,
				E43C477B26855D30004C12CA /* CarfaxUITests */,
			);
		};
/* End PBXProject section */

/* Begin PBXResourcesBuildPhase section */
		E43C475926855D2E004C12CA /* Resources */ = {
			isa = PBXResourcesBuildPhase;
			buildActionMask = 2147483647;
			files = (
				E43C476B26855D30004C12CA /* LaunchScreen.storyboard in Resources */,
				E43C476826855D30004C12CA /* Assets.xcassets in Resources */,
				E43C478F26856185004C12CA /* HomePage.xib in Resources */,
			);
			runOnlyForDeploymentPostprocessing = 0;
		};
		E43C476F26855D30004C12CA /* Resources */ = {
			isa = PBXResourcesBuildPhase;
			buildActionMask = 2147483647;
			files = (
			);
			runOnlyForDeploymentPostprocessing = 0;
		};
		E43C477A26855D30004C12CA /* Resources */ = {
			isa = PBXResourcesBuildPhase;
			buildActionMask = 2147483647;
			files = (
			);
			runOnlyForDeploymentPostprocessing = 0;
		};
/* End PBXResourcesBuildPhase section */

/* Begin PBXSourcesBuildPhase section */
		E43C475726855D2E004C12CA /* Sources */ = {
			isa = PBXSourcesBuildPhase;
			buildActionMask = 2147483647;
			files = (
				E43C476326855D2E004C12CA /* HomePage.swift in Sources */,
				E43C475F26855D2E004C12CA /* AppDelegate.swift in Sources */,
				E43C476126855D2E004C12CA /* SceneDelegate.swift in Sources */,
			);
			runOnlyForDeploymentPostprocessing = 0;
		};
		E43C476D26855D30004C12CA /* Sources */ = {
			isa = PBXSourcesBuildPhase;
			buildActionMask = 2147483647;
			files = (
				E43C477626855D30004C12CA /* CarfaxTests.swift in Sources */,
			);
			runOnlyForDeploymentPostprocessing = 0;
		};
		E43C477826855D30004C12CA /* Sources */ = {
			isa = PBXSourcesBuildPhase;
			buildActionMask = 2147483647;
			files = (
				E43C478126855D30004C12CA /* CarfaxUITests.swift in Sources */,
			);
			runOnlyForDeploymentPostprocessing = 0;
		};
/* End PBXSourcesBuildPhase section */

/* Begin PBXTargetDependency section */
		E43C477326855D30004C12CA /* PBXTargetDependency */ = {
			isa = PBXTargetDependency;
			target = E43C475A26855D2E004C12CA /* Carfax */;
			targetProxy = E43C477226855D30004C12CA /* PBXContainerItemProxy */;
		};
		E43C477E26855D30004C12CA /* PBXTargetDependency */ = {
			isa = PBXTargetDependency;
			target = E43C475A26855D2E004C12CA /* Carfax */;
			targetProxy = E43C477D26855D30004C12CA /* PBXContainerItemProxy */;
		};
/* End PBXTargetDependency section */

/* Begin PBXVariantGroup section */
		E43C476926855D30004C12CA /* LaunchScreen.storyboard */ = {
			isa = PBXVariantGroup;
			children = (
				E43C476A26855D30004C12CA /* Base */,
			);
			name = LaunchScreen.storyboard;
			sourceTree = "<group>";
		};
/* End PBXVariantGroup section */

/* Begin XCBuildConfiguration section */
		E43C478326855D30004C12CA /* Debug */ = {
			isa = XCBuildConfiguration;
			buildSettings = {
				ALWAYS_SEARCH_USER_PATHS = NO;
				CLANG_ANALYZER_NONNULL = YES;
				CLANG_ANALYZER_NUMBER_OBJECT_CONVERSION = YES_AGGRESSIVE;
				CLANG_CXX_LANGUAGE_STANDARD = "gnu++14";
				CLANG_CXX_LIBRARY = "libc++";
				CLANG_ENABLE_MODULES = YES;
				CLANG_ENABLE_OBJC_ARC = YES;
				CLANG_ENABLE_OBJC_WEAK = YES;
				CLANG_WARN_BLOCK_CAPTURE_AUTORELEASING = YES;
				CLANG_WARN_BOOL_CONVERSION = YES;
				CLANG_WARN_COMMA = YES;
				CLANG_WARN_CONSTANT_CONVERSION = YES;
				CLANG_WARN_DEPRECATED_OBJC_IMPLEMENTATIONS = YES;
				CLANG_WARN_DIRECT_OBJC_ISA_USAGE = YES_ERROR;
				CLANG_WARN_DOCUMENTATION_COMMENTS = YES;
				CLANG_WARN_EMPTY_BODY = YES;
				CLANG_WARN_ENUM_CONVERSION = YES;
				CLANG_WARN_INFINITE_RECURSION = YES;
				CLANG_WARN_INT_CONVERSION = YES;
				CLANG_WARN_NON_LITERAL_NULL_CONVERSION = YES;
				CLANG_WARN_OBJC_IMPLICIT_RETAIN_SELF = YES;
				CLANG_WARN_OBJC_LITERAL_CONVERSION = YES;
				CLANG_WARN_OBJC_ROOT_CLASS = YES_ERROR;
				CLANG_WARN_QUOTED_INCLUDE_IN_FRAMEWORK_HEADER = YES;
				CLANG_WARN_RANGE_LOOP_ANALYSIS = YES;
				CLANG_WARN_STRICT_PROTOTYPES = YES;
				CLANG_WARN_SUSPICIOUS_MOVE = YES;
				CLANG_WARN_UNGUARDED_AVAILABILITY = YES_AGGRESSIVE;
				CLANG_WARN_UNREACHABLE_CODE = YES;
				CLANG_WARN__DUPLICATE_METHOD_MATCH = YES;
				COPY_PHASE_STRIP = NO;
				DEBUG_INFORMATION_FORMAT = dwarf;
				ENABLE_STRICT_OBJC_MSGSEND = YES;
				ENABLE_TESTABILITY = YES;
				GCC_C_LANGUAGE_STANDARD = gnu11;
				GCC_DYNAMIC_NO_PIC = NO;
				GCC_NO_COMMON_BLOCKS = YES;
				GCC_OPTIMIZATION_LEVEL = 0;
				GCC_PREPROCESSOR_DEFINITIONS = (
					"DEBUG=1",
					"$(inherited)",
				);
				GCC_WARN_64_TO_32_BIT_CONVERSION = YES;
				GCC_WARN_ABOUT_RETURN_TYPE = YES_ERROR;
				GCC_WARN_UNDECLARED_SELECTOR = YES;
				GCC_WARN_UNINITIALIZED_AUTOS = YES_AGGRESSIVE;
				GCC_WARN_UNUSED_FUNCTION = YES;
				GCC_WARN_UNUSED_VARIABLE = YES;
				IPHONEOS_DEPLOYMENT_TARGET = 14.5;
				MTL_ENABLE_DEBUG_INFO = INCLUDE_SOURCE;
				MTL_FAST_MATH = YES;
				ONLY_ACTIVE_ARCH = YES;
				SDKROOT = iphoneos;
				SWIFT_ACTIVE_COMPILATION_CONDITIONS = DEBUG;
				SWIFT_OPTIMIZATION_LEVEL = "-Onone";
			};
			name = Debug;
		};
		E43C478426855D30004C12CA /* Release */ = {
			isa = XCBuildConfiguration;
			buildSettings = {
				ALWAYS_SEARCH_USER_PATHS = NO;
				CLANG_ANALYZER_NONNULL = YES;
				CLANG_ANALYZER_NUMBER_OBJECT_CONVERSION = YES_AGGRESSIVE;
				CLANG_CXX_LANGUAGE_STANDARD = "gnu++14";
				CLANG_CXX_LIBRARY = "libc++";
				CLANG_ENABLE_MODULES = YES;
				CLANG_ENABLE_OBJC_ARC = YES;
				CLANG_ENABLE_OBJC_WEAK = YES;
				CLANG_WARN_BLOCK_CAPTURE_AUTORELEASING = YES;
				CLANG_WARN_BOOL_CONVERSION = YES;
				CLANG_WARN_COMMA = YES;
				CLANG_WARN_CONSTANT_CONVERSION = YES;
				CLANG_WARN_DEPRECATED_OBJC_IMPLEMENTATIONS = YES;
				CLANG_WARN_DIRECT_OBJC_ISA_USAGE = YES_ERROR;
				CLANG_WARN_DOCUMENTATION_COMMENTS = YES;
				CLANG_WARN_EMPTY_BODY = YES;
				CLANG_WARN_ENUM_CONVERSION = YES;
				CLANG_WARN_INFINITE_RECURSION = YES;
				CLANG_WARN_INT_CONVERSION = YES;
				CLANG_WARN_NON_LITERAL_NULL_CONVERSION = YES;
				CLANG_WARN_OBJC_IMPLICIT_RETAIN_SELF = YES;
				CLANG_WARN_OBJC_LITERAL_CONVERSION = YES;
				CLANG_WARN_OBJC_ROOT_CLASS = YES_ERROR;
				CLANG_WARN_QUOTED_INCLUDE_IN_FRAMEWORK_HEADER = YES;
				CLANG_WARN_RANGE_LOOP_ANALYSIS = YES;
				CLANG_WARN_STRICT_PROTOTYPES = YES;
				CLANG_WARN_SUSPICIOUS_MOVE = YES;
				CLANG_WARN_UNGUARDED_AVAILABILITY = YES_AGGRESSIVE;
				CLANG_WARN_UNREACHABLE_CODE = YES;
				CLANG_WARN__DUPLICATE_METHOD_MATCH = YES;
				COPY_PHASE_STRIP = NO;
				DEBUG_INFORMATION_FORMAT = "dwarf-with-dsym";
				ENABLE_NS_ASSERTIONS = NO;
				ENABLE_STRICT_OBJC_MSGSEND = YES;
				GCC_C_LANGUAGE_STANDARD = gnu11;
				GCC_NO_COMMON_BLOCKS = YES;
				GCC_WARN_64_TO_32_BIT_CONVERSION = YES;
				GCC_WARN_ABOUT_RETURN_TYPE = YES_ERROR;
				GCC_WARN_UNDECLARED_SELECTOR = YES;
				GCC_WARN_UNINITIALIZED_AUTOS = YES_AGGRESSIVE;
				GCC_WARN_UNUSED_FUNCTION = YES;
				GCC_WARN_UNUSED_VARIABLE = YES;
				IPHONEOS_DEPLOYMENT_TARGET = 14.5;
				MTL_ENABLE_DEBUG_INFO = NO;
				MTL_FAST_MATH = YES;
				SDKROOT = iphoneos;
				SWIFT_COMPILATION_MODE = wholemodule;
				SWIFT_OPTIMIZATION_LEVEL = "-O";
				VALIDATE_PRODUCT = YES;
			};
			name = Release;
		};
		E43C478626855D30004C12CA /* Debug */ = {
			isa = XCBuildConfiguration;
			buildSettings = {
				ASSETCATALOG_COMPILER_APPICON_NAME = AppIcon;
				ASSETCATALOG_COMPILER_GLOBAL_ACCENT_COLOR_NAME = AccentColor;
				CODE_SIGN_STYLE = Automatic;
				DEVELOPMENT_TEAM = DTUTGY3V82;
				INFOPLIST_FILE = Carfax/Info.plist;
				LD_RUNPATH_SEARCH_PATHS = (
					"$(inherited)",
					"@executable_path/Frameworks",
				);
				PRODUCT_BUNDLE_IDENTIFIER = TinTin.Carfax;
				PRODUCT_NAME = "$(TARGET_NAME)";
				SWIFT_VERSION = 5.0;
				TARGETED_DEVICE_FAMILY = "1,2";
			};
			name = Debug;
		};
		E43C478726855D30004C12CA /* Release */ = {
			isa = XCBuildConfiguration;
			buildSettings = {
				ASSETCATALOG_COMPILER_APPICON_NAME = AppIcon;
				ASSETCATALOG_COMPILER_GLOBAL_ACCENT_COLOR_NAME = AccentColor;
				CODE_SIGN_STYLE = Automatic;
				DEVELOPMENT_TEAM = DTUTGY3V82;
				INFOPLIST_FILE = Carfax/Info.plist;
				LD_RUNPATH_SEARCH_PATHS = (
					"$(inherited)",
					"@executable_path/Frameworks",
				);
				PRODUCT_BUNDLE_IDENTIFIER = TinTin.Carfax;
				PRODUCT_NAME = "$(TARGET_NAME)";
				SWIFT_VERSION = 5.0;
				TARGETED_DEVICE_FAMILY = "1,2";
			};
			name = Release;
		};
		E43C478926855D30004C12CA /* Debug */ = {
			isa = XCBuildConfiguration;
			buildSettings = {
				ALWAYS_EMBED_SWIFT_STANDARD_LIBRARIES = YES;
				BUNDLE_LOADER = "$(TEST_HOST)";
				CODE_SIGN_STYLE = Automatic;
				DEVELOPMENT_TEAM = DTUTGY3V82;
				INFOPLIST_FILE = CarfaxTests/Info.plist;
				IPHONEOS_DEPLOYMENT_TARGET = 14.5;
				LD_RUNPATH_SEARCH_PATHS = (
					"$(inherited)",
					"@executable_path/Frameworks",
					"@loader_path/Frameworks",
				);
				PRODUCT_BUNDLE_IDENTIFIER = TinTin.CarfaxTests;
				PRODUCT_NAME = "$(TARGET_NAME)";
				SWIFT_VERSION = 5.0;
				TARGETED_DEVICE_FAMILY = "1,2";
				TEST_HOST = "$(BUILT_PRODUCTS_DIR)/Carfax.app/Carfax";
			};
			name = Debug;
		};
		E43C478A26855D30004C12CA /* Release */ = {
			isa = XCBuildConfiguration;
			buildSettings = {
				ALWAYS_EMBED_SWIFT_STANDARD_LIBRARIES = YES;
				BUNDLE_LOADER = "$(TEST_HOST)";
				CODE_SIGN_STYLE = Automatic;
				DEVELOPMENT_TEAM = DTUTGY3V82;
				INFOPLIST_FILE = CarfaxTests/Info.plist;
				IPHONEOS_DEPLOYMENT_TARGET = 14.5;
				LD_RUNPATH_SEARCH_PATHS = (
					"$(inherited)",
					"@executable_path/Frameworks",
					"@loader_path/Frameworks",
				);
				PRODUCT_BUNDLE_IDENTIFIER = TinTin.CarfaxTests;
				PRODUCT_NAME = "$(TARGET_NAME)";
				SWIFT_VERSION = 5.0;
				TARGETED_DEVICE_FAMILY = "1,2";
				TEST_HOST = "$(BUILT_PRODUCTS_DIR)/Carfax.app/Carfax";
			};
			name = Release;
		};
		E43C478C26855D30004C12CA /* Debug */ = {
			isa = XCBuildConfiguration;
			buildSettings = {
				ALWAYS_EMBED_SWIFT_STANDARD_LIBRARIES = YES;
				CODE_SIGN_STYLE = Automatic;
				DEVELOPMENT_TEAM = DTUTGY3V82;
				INFOPLIST_FILE = CarfaxUITests/Info.plist;
				LD_RUNPATH_SEARCH_PATHS = (
					"$(inherited)",
					"@executable_path/Frameworks",
					"@loader_path/Frameworks",
				);
				PRODUCT_BUNDLE_IDENTIFIER = TinTin.CarfaxUITests;
				PRODUCT_NAME = "$(TARGET_NAME)";
				SWIFT_VERSION = 5.0;
				TARGETED_DEVICE_FAMILY = "1,2";
				TEST_TARGET_NAME = Carfax;
			};
			name = Debug;
		};
		E43C478D26855D30004C12CA /* Release */ = {
			isa = XCBuildConfiguration;
			buildSettings = {
				ALWAYS_EMBED_SWIFT_STANDARD_LIBRARIES = YES;
				CODE_SIGN_STYLE = Automatic;
				DEVELOPMENT_TEAM = DTUTGY3V82;
				INFOPLIST_FILE = CarfaxUITests/Info.plist;
				LD_RUNPATH_SEARCH_PATHS = (
					"$(inherited)",
					"@executable_path/Frameworks",
					"@loader_path/Frameworks",
				);
				PRODUCT_BUNDLE_IDENTIFIER = TinTin.CarfaxUITests;
				PRODUCT_NAME = "$(TARGET_NAME)";
				SWIFT_VERSION = 5.0;
				TARGETED_DEVICE_FAMILY = "1,2";
				TEST_TARGET_NAME = Carfax;
			};
			name = Release;
		};
/* End XCBuildConfiguration section */

/* Begin XCConfigurationList section */
		E43C475626855D2E004C12CA /* Build configuration list for PBXProject "Carfax" */ = {
			isa = XCConfigurationList;
			buildConfigurations = (
				E43C478326855D30004C12CA /* Debug */,
				E43C478426855D30004C12CA /* Release */,
			);
			defaultConfigurationIsVisible = 0;
			defaultConfigurationName = Release;
		};
		E43C478526855D30004C12CA /* Build configuration list for PBXNativeTarget "Carfax" */ = {
			isa = XCConfigurationList;
			buildConfigurations = (
				E43C478626855D30004C12CA /* Debug */,
				E43C478726855D30004C12CA /* Release */,
			);
			defaultConfigurationIsVisible = 0;
			defaultConfigurationName = Release;
		};
		E43C478826855D30004C12CA /* Build configuration list for PBXNativeTarget "CarfaxTests" */ = {
			isa = XCConfigurationList;
			buildConfigurations = (
				E43C478926855D30004C12CA /* Debug */,
				E43C478A26855D30004C12CA /* Release */,
			);
			defaultConfigurationIsVisible = 0;
			defaultConfigurationName = Release;
		};
		E43C478B26855D30004C12CA /* Build configuration list for PBXNativeTarget "CarfaxUITests" */ = {
			isa = XCConfigurationList;
			buildConfigurations = (
				E43C478C26855D30004C12CA /* Debug */,
				E43C478D26855D30004C12CA /* Release */,
			);
			defaultConfigurationIsVisible = 0;
			defaultConfigurationName = Release;
		};
/* End XCConfigurationList section */
	};
	rootObject = E43C475326855D2E004C12CA /* Project object */;
}
